
Microsoft Visual Studio Solution File, Format Version 12.00
# Visual Studio Version 16
VisualStudioVersion = 16.0.29926.136
MinimumVisualStudioVersion = 10.0.40219.1
Project("{FAE04EC0-301F-11D3-BF4B-00C04F79EFBC}") = "OdeToFood", "OdeToFood\OdeToFood.csproj", "{CF7E2355-5405-47E6-8448-F25181FDD40A}"
EndProject
Global
	GlobalSection(SolutionConfigurationPlatforms) = preSolution
		Debug|Any CPU = Debug|Any CPU
		Release|Any CPU = Release|Any CPU
	EndGlobalSection
	GlobalSection(ProjectConfigurationPlatforms) = postSolution
		{CF7E2355-5405-47E6-8448-F25181FDD40A}.Debug|Any CPU.ActiveCfg = Debug|Any CPU
		{CF7E2355-5405-47E6-8448-F25181FDD40A}.Debug|Any CPU.Build.0 = Debug|Any CPU
		{CF7E2355-5405-47E6-8448-F25181FDD40A}.Release|Any CPU.ActiveCfg = Release|Any CPU
		{CF7E2355-5405-47E6-8448-F25181FDD40A}.Release|Any CPU.Build.0 = Release|Any CPU
	EndGlobalSection
	GlobalSection(SolutionProperties) = preSolution
		HideSolutionNode = FALSE
	EndGlobalSection
	GlobalSection(ExtensibilityGlobals) = postSolution
		SolutionGuid = {A4F95BAA-7ADA-421E-91A4-75808AB13D36}
	EndGlobalSection
EndGlobal
